{
  "name": "asadako",
  "version": "1.0.0",
  "lockfileVersion": 1,
  "requires": true,
  "dependencies": {
    "bootstrap": {
      "version": "4.4.1",
      "resolved": "https://registry.npmjs.org/bootstrap/-/bootstrap-4.4.1.tgz",
      "integrity": "sha512-tbx5cHubwE6e2ZG7nqM3g/FZ5PQEDMWmMGNrCUBVRPHXTJaH7CBDdsLeu3eCh3B1tzAxTnAbtmrzvWEvT2NNEA=="
    },
    "froala-editor": {
      "version": "3.0.6",
      "resolved": "https://registry.npmjs.org/froala-editor/-/froala-editor-3.0.6.tgz",
      "integrity": "sha512-AU12qDl4t41n/s7awRp3tFE5dWytxwwH4od/JmhhwAEzORyH5OVaKB8Y+oLQQwRNgCTnvSscy9yA518utFx8YA=="
    },
    "jquery": {
      "version": "3.5.0",
      "resolved": "https://registry.npmjs.org/jquery/-/jquery-3.5.0.tgz",
      "integrity": "sha512-Xb7SVYMvygPxbFMpTFQiHh1J7HClEaThguL15N/Gg37Lri/qKyhRGZYzHRyLH8Stq3Aow0LsHO2O2ci86fCrNQ=="
    },
    "select2": {
      "version": "4.0.12",
      "resolved": "https://registry.npmjs.org/select2/-/select2-4.0.12.tgz",
      "integrity": "sha512-mbXC05AvjCboZcRlgJqN4mlI2qmqshpRC76sKNAdxS1lPLOh2m/NTyfL6xsvGoY6eIhjaya4dbumN99MudVQ2w=="
    }
  }
}
